{
  "name": "assets",
  "lockfileVersion": 3,
  "requires": true,
  "packages": {
    "": {
      "dependencies": {
        "easyqrcodejs": "^4.6.2",
        "nipplejs": "^0.10.2",
        "smartcontroller": "^3.2.8",
        "three": "^0.183.2"
      }
    },
    "node_modules/@types/node": {
      "version": "10.17.60",
      "resolved": "https://registry.npmjs.org/@types/node/-/node-10.17.60.tgz",
      "integrity": "sha512-F0KIgDJfy2nA3zMLmWGKxcH2ZVEtCZXHHdOQs2gSaQ27+lNeEfGxzkIw90aXswATX7AZ33tahPbzy6KAfUreVw==",
      "license": "MIT"
    },
    "node_modules/easyqrcodejs": {
      "version": "4.6.2",
      "resolved": "https://registry.npmjs.org/easyqrcodejs/-/easyqrcodejs-4.6.2.tgz",
      "integrity": "sha512-BrNtC0bavgqh5MIJb8Naj6dELykz+1s1XNVBeGrMzYKfdTiSN08U6V1GgNHsLQWe4QuijmXypq5USCFeXYLBRw==",
      "license": "MIT"
    },
    "node_modules/eventemitter2": {
      "version": "6.4.5",
      "resolved": "https://registry.npmjs.org/eventemitter2/-/eventemitter2-6.4.5.tgz",
      "integrity": "sha512-bXE7Dyc1i6oQElDG0jMRZJrRAn9QR2xyyFGmBdZleNmyQX0FqGYmhZIrIrpPfm/w//LTo4tVQGOGQcGCb5q9uw==",
      "license": "MIT"
    },
    "node_modules/eventemitter3": {
      "version": "3.1.2",
      "resolved": "https://registry.npmjs.org/eventemitter3/-/eventemitter3-3.1.2.tgz",
      "integrity": "sha512-tvtQIeLVHjDkJYnzf2dgVMxfuSGJeM/7UCG17TT4EumTfNtF+0nebF/4zWOIkCreAbtNqhGEboB6BWrwqNaw4Q==",
      "license": "MIT"
    },
    "node_modules/nipplejs": {
      "version": "0.10.2",
      "resolved": "https://registry.npmjs.org/nipplejs/-/nipplejs-0.10.2.tgz",
      "integrity": "sha512-XGxFY8C2DOtobf1fK+MXINTzkkXJLjZDDpfQhOUZf4TSytbc9s4bmA0lB9eKKM8iDivdr9NQkO7DpIQfsST+9g==",
      "license": "MIT"
    },
    "node_modules/peerjs": {
      "version": "1.3.2",
      "resolved": "https://registry.npmjs.org/peerjs/-/peerjs-1.3.2.tgz",
      "integrity": "sha512-+PHfmsC7QGUU8Ye3OLi6tKQZGPCNy7QatUVNw4JtE8alkguF3+DdO5W0bzepqP2OtE9FqH/ltXt37qyvHw2CqA==",
      "license": "MIT",
      "dependencies": {
        "@types/node": "^10.14.33",
        "eventemitter3": "^3.1.2",
        "peerjs-js-binarypack": "1.0.1",
        "webrtc-adapter": "^7.7.1"
      }
    },
    "node_modules/peerjs-js-binarypack": {
      "version": "1.0.1",
      "resolved": "https://registry.npmjs.org/peerjs-js-binarypack/-/peerjs-js-binarypack-1.0.1.tgz",
      "integrity": "sha512-N6aeia3NhdpV7kiGxJV5xQiZZCVEEVjRz2T2C6UZQiBkHWHzUv/oWA4myQLcwBwO8LUoR1KWW5oStvwVesmfCg==",
      "license": "BSD"
    },
    "node_modules/rtcpeerconnection-shim": {
      "version": "1.2.15",
      "resolved": "https://registry.npmjs.org/rtcpeerconnection-shim/-/rtcpeerconnection-shim-1.2.15.tgz",
      "integrity": "sha512-C6DxhXt7bssQ1nHb154lqeL0SXz5Dx4RczXZu2Aa/L1NJFnEVDxFwCBo3fqtuljhHIGceg5JKBV4XJ0gW5JKyw==",
      "license": "BSD-3-Clause",
      "dependencies": {
        "sdp": "^2.6.0"
      },
      "engines": {
        "node": ">=6.0.0",
        "npm": ">=3.10.0"
      }
    },
    "node_modules/sdp": {
      "version": "2.12.0",
      "resolved": "https://registry.npmjs.org/sdp/-/sdp-2.12.0.tgz",
      "integrity": "sha512-jhXqQAQVM+8Xj5EjJGVweuEzgtGWb3tmEEpl3CLP3cStInSbVHSg0QWOGQzNq8pSID4JkpeV2mPqlMDLrm0/Vw==",
      "license": "MIT"
    },
    "node_modules/smartcontroller": {
      "version": "3.2.8",
      "resolved": "https://registry.npmjs.org/smartcontroller/-/smartcontroller-3.2.8.tgz",
      "integrity": "sha512-snUETwSv767NFeBWVKbEhM/520avoCV5pDESEP4e+kwtuSDQ6kfOPxvybyJ0tbiOgj0CpTE/6418U02IWqeY1g==",
      "license": "ISC",
      "dependencies": {
        "easyqrcodejs": "4.4.6",
        "eventemitter2": "6.4.5",
        "peerjs": "1.3.2"
      }
    },
    "node_modules/smartcontroller/node_modules/easyqrcodejs": {
      "version": "4.4.6",
      "resolved": "https://registry.npmjs.org/easyqrcodejs/-/easyqrcodejs-4.4.6.tgz",
      "integrity": "sha512-LP24ScT1io86Sv6Cp1rKLCDBmSRBbnqWsF32qfykWV3ojW6iVUN2paaiaUy5tjJ/dAw+YCJ/qkrfy7MrAihY/A==",
      "license": "MIT"
    },
    "node_modules/three": {
      "version": "0.183.2",
      "resolved": "https://registry.npmjs.org/three/-/three-0.183.2.tgz",
      "integrity": "sha512-di3BsL2FEQ1PA7Hcvn4fyJOlxRRgFYBpMTcyOgkwJIaDOdJMebEFPA+t98EvjuljDx4hNulAGwF6KIjtwI5jgQ==",
      "license": "MIT"
    },
    "node_modules/webrtc-adapter": {
      "version": "7.7.1",
      "resolved": "https://registry.npmjs.org/webrtc-adapter/-/webrtc-adapter-7.7.1.tgz",
      "integrity": "sha512-TbrbBmiQBL9n0/5bvDdORc6ZfRY/Z7JnEj+EYOD1ghseZdpJ+nF2yx14k3LgQKc7JZnG7HAcL+zHnY25So9d7A==",
      "license": "BSD-3-Clause",
      "dependencies": {
        "rtcpeerconnection-shim": "^1.2.15",
        "sdp": "^2.12.0"
      },
      "engines": {
        "node": ">=6.0.0",
        "npm": ">=3.10.0"
      }
    }
  }
}
